
Microsoft Visual Studio Solution File, Format Version 12.00
# Visual Studio 15
VisualStudioVersion = 15.0.27004.2009
MinimumVisualStudioVersion = 10.0.40219.1
Project("{FAE04EC0-301F-11D3-BF4B-00C04F79EFBC}") = "sort", "sort\sort.csproj", "{A6CA555D-6446-40AE-B0CE-5BD17A3B5B22}"
EndProject
Project("{FAE04EC0-301F-11D3-BF4B-00C04F79EFBC}") = "SelectionSort", "SelectionSort\SelectionSort.csproj", "{31D4512C-8574-4EE2-8F60-CA05BF7BE50C}"
EndProject
Project("{FAE04EC0-301F-11D3-BF4B-00C04F79EFBC}") = "bubbleSort", "bubbleSort\bubbleSort.csproj", "{E4EC457F-3F2C-4C28-AD94-CA5D4E989E69}"
EndProject
Project("{FAE04EC0-301F-11D3-BF4B-00C04F79EFBC}") = "uravnovesenMassive", "uravnovesenMassive\uravnovesenMassive.csproj", "{FD16BD70-B761-4CA2-9BB3-BDB82EB1FA3A}"
EndProject
Project("{FAE04EC0-301F-11D3-BF4B-00C04F79EFBC}") = "uravnovesenList2", "uravnovesenList2\uravnovesenList2.csproj", "{132A1BAA-3DBC-4ABF-80CA-631CE955A42C}"
EndProject
Project("{FAE04EC0-301F-11D3-BF4B-00C04F79EFBC}") = "ColonSort", "ColonSort\ColonSort.csproj", "{B4972839-20C0-4806-864F-08BCFD20F70A}"
EndProject
Project("{FAE04EC0-301F-11D3-BF4B-00C04F79EFBC}") = "Majorant", "Majorant\Majorant.csproj", "{12CD493D-1A09-491D-9D30-1CA79A734D93}"
EndProject
Project("{FAE04EC0-301F-11D3-BF4B-00C04F79EFBC}") = "deleteIncountable", "deleteIncountable\deleteIncountable.csproj", "{D3888226-9E02-440C-B69C-56D364A4442E}"
EndProject
Project("{FAE04EC0-301F-11D3-BF4B-00C04F79EFBC}") = "uncount", "uncount\uncount.csproj", "{8A934F71-DFB6-483B-BC08-11BCA36E7BF3}"
EndProject
Project("{FAE04EC0-301F-11D3-BF4B-00C04F79EFBC}") = "igli", "igli\igli.csproj", "{285E54A0-4D34-4846-9343-0232398EAA46}"
EndProject
Global
	GlobalSection(SolutionConfigurationPlatforms) = preSolution
		Debug|Any CPU = Debug|Any CPU
		Debug|x86 = Debug|x86
		Release|Any CPU = Release|Any CPU
		Release|x86 = Release|x86
	EndGlobalSection
	GlobalSection(ProjectConfigurationPlatforms) = postSolution
		{A6CA555D-6446-40AE-B0CE-5BD17A3B5B22}.Debug|Any CPU.ActiveCfg = Debug|x86
		{A6CA555D-6446-40AE-B0CE-5BD17A3B5B22}.Debug|x86.ActiveCfg = Debug|x86
		{A6CA555D-6446-40AE-B0CE-5BD17A3B5B22}.Debug|x86.Build.0 = Debug|x86
		{A6CA555D-6446-40AE-B0CE-5BD17A3B5B22}.Release|Any CPU.ActiveCfg = Release|x86
		{A6CA555D-6446-40AE-B0CE-5BD17A3B5B22}.Release|x86.ActiveCfg = Release|x86
		{A6CA555D-6446-40AE-B0CE-5BD17A3B5B22}.Release|x86.Build.0 = Release|x86
		{31D4512C-8574-4EE2-8F60-CA05BF7BE50C}.Debug|Any CPU.ActiveCfg = Debug|x86
		{31D4512C-8574-4EE2-8F60-CA05BF7BE50C}.Debug|x86.ActiveCfg = Debug|x86
		{31D4512C-8574-4EE2-8F60-CA05BF7BE50C}.Debug|x86.Build.0 = Debug|x86
		{31D4512C-8574-4EE2-8F60-CA05BF7BE50C}.Release|Any CPU.ActiveCfg = Release|x86
		{31D4512C-8574-4EE2-8F60-CA05BF7BE50C}.Release|x86.ActiveCfg = Release|x86
		{31D4512C-8574-4EE2-8F60-CA05BF7BE50C}.Release|x86.Build.0 = Release|x86
		{E4EC457F-3F2C-4C28-AD94-CA5D4E989E69}.Debug|Any CPU.ActiveCfg = Debug|x86
		{E4EC457F-3F2C-4C28-AD94-CA5D4E989E69}.Debug|x86.ActiveCfg = Debug|x86
		{E4EC457F-3F2C-4C28-AD94-CA5D4E989E69}.Debug|x86.Build.0 = Debug|x86
		{E4EC457F-3F2C-4C28-AD94-CA5D4E989E69}.Release|Any CPU.ActiveCfg = Release|x86
		{E4EC457F-3F2C-4C28-AD94-CA5D4E989E69}.Release|x86.ActiveCfg = Release|x86
		{E4EC457F-3F2C-4C28-AD94-CA5D4E989E69}.Release|x86.Build.0 = Release|x86
		{FD16BD70-B761-4CA2-9BB3-BDB82EB1FA3A}.Debug|Any CPU.ActiveCfg = Debug|x86
		{FD16BD70-B761-4CA2-9BB3-BDB82EB1FA3A}.Debug|x86.ActiveCfg = Debug|x86
		{FD16BD70-B761-4CA2-9BB3-BDB82EB1FA3A}.Debug|x86.Build.0 = Debug|x86
		{FD16BD70-B761-4CA2-9BB3-BDB82EB1FA3A}.Release|Any CPU.ActiveCfg = Release|x86
		{FD16BD70-B761-4CA2-9BB3-BDB82EB1FA3A}.Release|x86.ActiveCfg = Release|x86
		{FD16BD70-B761-4CA2-9BB3-BDB82EB1FA3A}.Release|x86.Build.0 = Release|x86
		{132A1BAA-3DBC-4ABF-80CA-631CE955A42C}.Debug|Any CPU.ActiveCfg = Debug|x86
		{132A1BAA-3DBC-4ABF-80CA-631CE955A42C}.Debug|x86.ActiveCfg = Debug|x86
		{132A1BAA-3DBC-4ABF-80CA-631CE955A42C}.Debug|x86.Build.0 = Debug|x86
		{132A1BAA-3DBC-4ABF-80CA-631CE955A42C}.Release|Any CPU.ActiveCfg = Release|x86
		{132A1BAA-3DBC-4ABF-80CA-631CE955A42C}.Release|x86.ActiveCfg = Release|x86
		{132A1BAA-3DBC-4ABF-80CA-631CE955A42C}.Release|x86.Build.0 = Release|x86
		{B4972839-20C0-4806-864F-08BCFD20F70A}.Debug|Any CPU.ActiveCfg = Debug|x86
		{B4972839-20C0-4806-864F-08BCFD20F70A}.Debug|x86.ActiveCfg = Debug|x86
		{B4972839-20C0-4806-864F-08BCFD20F70A}.Debug|x86.Build.0 = Debug|x86
		{B4972839-20C0-4806-864F-08BCFD20F70A}.Release|Any CPU.ActiveCfg = Release|x86
		{B4972839-20C0-4806-864F-08BCFD20F70A}.Release|x86.ActiveCfg = Release|x86
		{B4972839-20C0-4806-864F-08BCFD20F70A}.Release|x86.Build.0 = Release|x86
		{12CD493D-1A09-491D-9D30-1CA79A734D93}.Debug|Any CPU.ActiveCfg = Debug|x86
		{12CD493D-1A09-491D-9D30-1CA79A734D93}.Debug|x86.ActiveCfg = Debug|x86
		{12CD493D-1A09-491D-9D30-1CA79A734D93}.Debug|x86.Build.0 = Debug|x86
		{12CD493D-1A09-491D-9D30-1CA79A734D93}.Release|Any CPU.ActiveCfg = Release|x86
		{12CD493D-1A09-491D-9D30-1CA79A734D93}.Release|x86.ActiveCfg = Release|x86
		{12CD493D-1A09-491D-9D30-1CA79A734D93}.Release|x86.Build.0 = Release|x86
		{D3888226-9E02-440C-B69C-56D364A4442E}.Debug|Any CPU.ActiveCfg = Debug|x86
		{D3888226-9E02-440C-B69C-56D364A4442E}.Debug|x86.ActiveCfg = Debug|x86
		{D3888226-9E02-440C-B69C-56D364A4442E}.Debug|x86.Build.0 = Debug|x86
		{D3888226-9E02-440C-B69C-56D364A4442E}.Release|Any CPU.ActiveCfg = Release|x86
		{D3888226-9E02-440C-B69C-56D364A4442E}.Release|x86.ActiveCfg = Release|x86
		{D3888226-9E02-440C-B69C-56D364A4442E}.Release|x86.Build.0 = Release|x86
		{8A934F71-DFB6-483B-BC08-11BCA36E7BF3}.Debug|Any CPU.ActiveCfg = Debug|x86
		{8A934F71-DFB6-483B-BC08-11BCA36E7BF3}.Debug|x86.ActiveCfg = Debug|x86
		{8A934F71-DFB6-483B-BC08-11BCA36E7BF3}.Debug|x86.Build.0 = Debug|x86
		{8A934F71-DFB6-483B-BC08-11BCA36E7BF3}.Release|Any CPU.ActiveCfg = Release|x86
		{8A934F71-DFB6-483B-BC08-11BCA36E7BF3}.Release|x86.ActiveCfg = Release|x86
		{8A934F71-DFB6-483B-BC08-11BCA36E7BF3}.Release|x86.Build.0 = Release|x86
		{285E54A0-4D34-4846-9343-0232398EAA46}.Debug|Any CPU.ActiveCfg = Debug|Any CPU
		{285E54A0-4D34-4846-9343-0232398EAA46}.Debug|Any CPU.Build.0 = Debug|Any CPU
		{285E54A0-4D34-4846-9343-0232398EAA46}.Debug|x86.ActiveCfg = Debug|Any CPU
		{285E54A0-4D34-4846-9343-0232398EAA46}.Debug|x86.Build.0 = Debug|Any CPU
		{285E54A0-4D34-4846-9343-0232398EAA46}.Release|Any CPU.ActiveCfg = Release|Any CPU
		{285E54A0-4D34-4846-9343-0232398EAA46}.Release|Any CPU.Build.0 = Release|Any CPU
		{285E54A0-4D34-4846-9343-0232398EAA46}.Release|x86.ActiveCfg = Release|Any CPU
		{285E54A0-4D34-4846-9343-0232398EAA46}.Release|x86.Build.0 = Release|Any CPU
	EndGlobalSection
	GlobalSection(SolutionProperties) = preSolution
		HideSolutionNode = FALSE
	EndGlobalSection
	GlobalSection(ExtensibilityGlobals) = postSolution
		SolutionGuid = {F9EAAA9B-3309-4433-97B2-CE39A9C50E48}
	EndGlobalSection
EndGlobal
